
Microsoft Visual Studio Solution File, Format Version 12.00
# Visual Studio Version 17
VisualStudioVersion = 17.14.36414.22 d17.14
MinimumVisualStudioVersion = 10.0.40219.1
Project("{FAE04EC0-301F-11D3-BF4B-00C04F79EFBC}") = "TP03", "TP03\TP03.csproj", "{EF9EE664-DF1C-439E-A35A-7EBF39AE2B54}"
EndProject
Global
	GlobalSection(SolutionConfigurationPlatforms) = preSolution
		Debug|Any CPU = Debug|Any CPU
		Release|Any CPU = Release|Any CPU
	EndGlobalSection
	GlobalSection(ProjectConfigurationPlatforms) = postSolution
		{EF9EE664-DF1C-439E-A35A-7EBF39AE2B54}.Debug|Any CPU.ActiveCfg = Debug|Any CPU
		{EF9EE664-DF1C-439E-A35A-7EBF39AE2B54}.Debug|Any CPU.Build.0 = Debug|Any CPU
		{EF9EE664-DF1C-439E-A35A-7EBF39AE2B54}.Release|Any CPU.ActiveCfg = Release|Any CPU
		{EF9EE664-DF1C-439E-A35A-7EBF39AE2B54}.Release|Any CPU.Build.0 = Release|Any CPU
	EndGlobalSection
	GlobalSection(SolutionProperties) = preSolution
		HideSolutionNode = FALSE
	EndGlobalSection
	GlobalSection(ExtensibilityGlobals) = postSolution
		SolutionGuid = {35FA39C1-9021-4F6B-8927-C72BB0C6DAEB}
	EndGlobalSection
EndGlobal
